
Microsoft Visual Studio Solution File, Format Version 12.00
# Visual Studio Version 16
VisualStudioVersion = 16.0.28803.202
MinimumVisualStudioVersion = 10.0.40219.1
Project("{FAE04EC0-301F-11D3-BF4B-00C04F79EFBC}") = "podil", "podil\podil.csproj", "{915EBD7B-4074-48EE-928D-78BC59C4E64F}"
EndProject
Global
	GlobalSection(SolutionConfigurationPlatforms) = preSolution
		Debug|Any CPU = Debug|Any CPU
		Release|Any CPU = Release|Any CPU
		Test|Any CPU = Test|Any CPU
	EndGlobalSection
	GlobalSection(ProjectConfigurationPlatforms) = postSolution
		{915EBD7B-4074-48EE-928D-78BC59C4E64F}.Debug|Any CPU.ActiveCfg = Debug|Any CPU
		{915EBD7B-4074-48EE-928D-78BC59C4E64F}.Debug|Any CPU.Build.0 = Debug|Any CPU
		{915EBD7B-4074-48EE-928D-78BC59C4E64F}.Release|Any CPU.ActiveCfg = Release|Any CPU
		{915EBD7B-4074-48EE-928D-78BC59C4E64F}.Release|Any CPU.Build.0 = Release|Any CPU
		{915EBD7B-4074-48EE-928D-78BC59C4E64F}.Test|Any CPU.ActiveCfg = Test|Any CPU
		{915EBD7B-4074-48EE-928D-78BC59C4E64F}.Test|Any CPU.Build.0 = Test|Any CPU
	EndGlobalSection
	GlobalSection(SolutionProperties) = preSolution
		HideSolutionNode = FALSE
	EndGlobalSection
	GlobalSection(ExtensibilityGlobals) = postSolution
		SolutionGuid = {D857D6F3-EF35-4D11-A21A-A66C20765BF5}
	EndGlobalSection
EndGlobal
